
Microsoft Visual Studio Solution File, Format Version 12.00
# Visual Studio Version 17
VisualStudioVersion = 17.0.32112.339
MinimumVisualStudioVersion = 10.0.40219.1
Project("{9A19103F-16F7-4668-BE54-9A1E7A4F7556}") = "Sample.Shared", "Sample.Shared\Sample.Shared.csproj", "{C4160275-AFE0-45B0-9319-D95DC0435C9B}"
EndProject
Project("{9A19103F-16F7-4668-BE54-9A1E7A4F7556}") = "Sample.API", "Sample.API\Sample.API.csproj", "{5674810C-13EE-45F3-B60D-93F410CBBC71}"
EndProject
Project("{9A19103F-16F7-4668-BE54-9A1E7A4F7556}") = "Sample.Repo", "Sample.Repo\Sample.Repo.csproj", "{F2C21B46-CF76-4ACF-9C2F-93818EF7524A}"
EndProject
Project("{9A19103F-16F7-4668-BE54-9A1E7A4F7556}") = "Sample.Service", "Sample.Service\Sample.Service.csproj", "{656F0819-A068-4E03-A500-5653943DB81D}"
EndProject
Project("{9A19103F-16F7-4668-BE54-9A1E7A4F7556}") = "Sample.Test", "Sample.Test\Sample.Test.csproj", "{35E590DA-759B-4ACC-895D-55E7C63CC2C5}"
EndProject
Global
	GlobalSection(SolutionConfigurationPlatforms) = preSolution
		Debug|Any CPU = Debug|Any CPU
		Release|Any CPU = Release|Any CPU
	EndGlobalSection
	GlobalSection(ProjectConfigurationPlatforms) = postSolution
		{C4160275-AFE0-45B0-9319-D95DC0435C9B}.Debug|Any CPU.ActiveCfg = Debug|Any CPU
		{C4160275-AFE0-45B0-9319-D95DC0435C9B}.Debug|Any CPU.Build.0 = Debug|Any CPU
		{C4160275-AFE0-45B0-9319-D95DC0435C9B}.Release|Any CPU.ActiveCfg = Release|Any CPU
		{C4160275-AFE0-45B0-9319-D95DC0435C9B}.Release|Any CPU.Build.0 = Release|Any CPU
		{5674810C-13EE-45F3-B60D-93F410CBBC71}.Debug|Any CPU.ActiveCfg = Debug|Any CPU
		{5674810C-13EE-45F3-B60D-93F410CBBC71}.Debug|Any CPU.Build.0 = Debug|Any CPU
		{5674810C-13EE-45F3-B60D-93F410CBBC71}.Release|Any CPU.ActiveCfg = Release|Any CPU
		{5674810C-13EE-45F3-B60D-93F410CBBC71}.Release|Any CPU.Build.0 = Release|Any CPU
		{F2C21B46-CF76-4ACF-9C2F-93818EF7524A}.Debug|Any CPU.ActiveCfg = Debug|Any CPU
		{F2C21B46-CF76-4ACF-9C2F-93818EF7524A}.Debug|Any CPU.Build.0 = Debug|Any CPU
		{F2C21B46-CF76-4ACF-9C2F-93818EF7524A}.Release|Any CPU.ActiveCfg = Release|Any CPU
		{F2C21B46-CF76-4ACF-9C2F-93818EF7524A}.Release|Any CPU.Build.0 = Release|Any CPU
		{656F0819-A068-4E03-A500-5653943DB81D}.Debug|Any CPU.ActiveCfg = Debug|Any CPU
		{656F0819-A068-4E03-A500-5653943DB81D}.Debug|Any CPU.Build.0 = Debug|Any CPU
		{656F0819-A068-4E03-A500-5653943DB81D}.Release|Any CPU.ActiveCfg = Release|Any CPU
		{656F0819-A068-4E03-A500-5653943DB81D}.Release|Any CPU.Build.0 = Release|Any CPU
		{35E590DA-759B-4ACC-895D-55E7C63CC2C5}.Debug|Any CPU.ActiveCfg = Debug|Any CPU
		{35E590DA-759B-4ACC-895D-55E7C63CC2C5}.Debug|Any CPU.Build.0 = Debug|Any CPU
		{35E590DA-759B-4ACC-895D-55E7C63CC2C5}.Release|Any CPU.ActiveCfg = Release|Any CPU
		{35E590DA-759B-4ACC-895D-55E7C63CC2C5}.Release|Any CPU.Build.0 = Release|Any CPU
	EndGlobalSection
	GlobalSection(SolutionProperties) = preSolution
		HideSolutionNode = FALSE
	EndGlobalSection
	GlobalSection(ExtensibilityGlobals) = postSolution
		SolutionGuid = {4B397F94-D439-43AB-8DE0-E5F6DD9267DD}
	EndGlobalSection
EndGlobal
